
Microsoft Visual Studio Solution File, Format Version 12.00
# Visual Studio Version 16
VisualStudioVersion = 16.0.33027.164
MinimumVisualStudioVersion = 10.0.40219.1
Project("{2150E333-8FDC-42A3-9474-1A3956D46DE8}") = "Presentation", "Presentation", "{761E7F2E-DCF8-4052-B776-B6CB0BA819EB}"
EndProject
Project("{2150E333-8FDC-42A3-9474-1A3956D46DE8}") = "Services", "Services", "{E80EED7E-6A4B-41EB-AD48-0D390D21C8E5}"
EndProject
Project("{2150E333-8FDC-42A3-9474-1A3956D46DE8}") = "2 - Domain", "2 - Domain", "{55AEFADA-3E0C-45DE-A93B-CCDE604FB320}"
EndProject
Project("{9A19103F-16F7-4668-BE54-9A1E7A4F7556}") = "CodeFinance.Domain", "backend\CodeFinance.Domain\CodeFinance.Domain.csproj", "{F928734B-F83F-4822-8F72-5B3389192FE1}"
EndProject
Project("{9A19103F-16F7-4668-BE54-9A1E7A4F7556}") = "CodeFinance.Domain.Core", "backend\CodeFinance.Domain.Core\CodeFinance.Domain.Core.csproj", "{DA0F933F-A9A0-4B89-9FD1-3716E0B89F91}"
EndProject
Project("{2150E333-8FDC-42A3-9474-1A3956D46DE8}") = "3 - Data", "3 - Data", "{7DE0F1F7-88E8-4FDE-BDB8-87E44463D4AA}"
EndProject
Project("{2150E333-8FDC-42A3-9474-1A3956D46DE8}") = "0 - Service", "0 - Service", "{5E216294-E091-425D-B049-9E8AD3ED7931}"
EndProject
Project("{2150E333-8FDC-42A3-9474-1A3956D46DE8}") = "1 - Application", "1 - Application", "{4C901C6D-BD78-4D6C-AFA4-20E6399B61A4}"
EndProject
Project("{2150E333-8FDC-42A3-9474-1A3956D46DE8}") = "4 - Infra", "4 - Infra", "{9B0489B1-4CCE-4BBF-9C62-42B42899B5C6}"
EndProject
Project("{9A19103F-16F7-4668-BE54-9A1E7A4F7556}") = "CodeFinance.Application", "backend\CodeFinance.Application\CodeFinance.Application.csproj", "{C8554EF2-D8D8-4B97-9085-1FE99FCC7FD8}"
EndProject
Project("{9A19103F-16F7-4668-BE54-9A1E7A4F7556}") = "CodeFinance.Data", "backend\CodeFinance.Data\CodeFinance.Data.csproj", "{61EB31F5-47C7-44F7-A904-8767E2A3311C}"
EndProject
Project("{9A19103F-16F7-4668-BE54-9A1E7A4F7556}") = "CodeFinance.Data.MongoDb", "backend\CodeFinance.Data.MongoDb\CodeFinance.Data.MongoDb.csproj", "{81E222C8-9C69-4F36-9C13-5FCDA02B1849}"
EndProject
Project("{9A19103F-16F7-4668-BE54-9A1E7A4F7556}") = "CodeFinance.Infra.IoC", "backend\CodeFinance.Infra.IoC\CodeFinance.Infra.IoC.csproj", "{C3EC2AEF-2F47-4CD0-81DD-37306CBF9F92}"
EndProject
Project("{9A19103F-16F7-4668-BE54-9A1E7A4F7556}") = "CodeFinance.Infra.CrossCutting", "backend\CodeFinance.Infra.CrossCutting\CodeFinance.Infra.CrossCutting.csproj", "{1BA3670C-4FE1-45CB-97F4-D26CE011C743}"
EndProject
Project("{9A19103F-16F7-4668-BE54-9A1E7A4F7556}") = "CodeFinance.Infra.Queue", "backend\CodeFinance.Infra.Queue\CodeFinance.Infra.Queue.csproj", "{3AE055BF-D375-4083-9002-93C84A9A7FA1}"
EndProject
Project("{FAE04EC0-301F-11D3-BF4B-00C04F79EFBC}") = "CodeFinance.WebApi", "backend\CodeFinance.WebApi\CodeFinance.WebApi.csproj", "{B59EFF25-45B6-4CE8-ABE6-C018275A8BF2}"
EndProject
Project("{FAE04EC0-301F-11D3-BF4B-00C04F79EFBC}") = "CodeFinance.Infra.Logger", "backend\CodeFinance.Infra.Logger\CodeFinance.Infra.Logger.csproj", "{02CCB2FF-C240-4A1F-BCBC-51064967E716}"
EndProject
Global
	GlobalSection(SolutionConfigurationPlatforms) = preSolution
		Debug|Any CPU = Debug|Any CPU
		Release|Any CPU = Release|Any CPU
	EndGlobalSection
	GlobalSection(ProjectConfigurationPlatforms) = postSolution
		{F928734B-F83F-4822-8F72-5B3389192FE1}.Debug|Any CPU.ActiveCfg = Debug|Any CPU
		{F928734B-F83F-4822-8F72-5B3389192FE1}.Debug|Any CPU.Build.0 = Debug|Any CPU
		{F928734B-F83F-4822-8F72-5B3389192FE1}.Release|Any CPU.ActiveCfg = Release|Any CPU
		{F928734B-F83F-4822-8F72-5B3389192FE1}.Release|Any CPU.Build.0 = Release|Any CPU
		{DA0F933F-A9A0-4B89-9FD1-3716E0B89F91}.Debug|Any CPU.ActiveCfg = Debug|Any CPU
		{DA0F933F-A9A0-4B89-9FD1-3716E0B89F91}.Debug|Any CPU.Build.0 = Debug|Any CPU
		{DA0F933F-A9A0-4B89-9FD1-3716E0B89F91}.Release|Any CPU.ActiveCfg = Release|Any CPU
		{DA0F933F-A9A0-4B89-9FD1-3716E0B89F91}.Release|Any CPU.Build.0 = Release|Any CPU
		{C8554EF2-D8D8-4B97-9085-1FE99FCC7FD8}.Debug|Any CPU.ActiveCfg = Debug|Any CPU
		{C8554EF2-D8D8-4B97-9085-1FE99FCC7FD8}.Debug|Any CPU.Build.0 = Debug|Any CPU
		{C8554EF2-D8D8-4B97-9085-1FE99FCC7FD8}.Release|Any CPU.ActiveCfg = Release|Any CPU
		{C8554EF2-D8D8-4B97-9085-1FE99FCC7FD8}.Release|Any CPU.Build.0 = Release|Any CPU
		{61EB31F5-47C7-44F7-A904-8767E2A3311C}.Debug|Any CPU.ActiveCfg = Debug|Any CPU
		{61EB31F5-47C7-44F7-A904-8767E2A3311C}.Debug|Any CPU.Build.0 = Debug|Any CPU
		{61EB31F5-47C7-44F7-A904-8767E2A3311C}.Release|Any CPU.ActiveCfg = Release|Any CPU
		{61EB31F5-47C7-44F7-A904-8767E2A3311C}.Release|Any CPU.Build.0 = Release|Any CPU
		{81E222C8-9C69-4F36-9C13-5FCDA02B1849}.Debug|Any CPU.ActiveCfg = Debug|Any CPU
		{81E222C8-9C69-4F36-9C13-5FCDA02B1849}.Debug|Any CPU.Build.0 = Debug|Any CPU
		{81E222C8-9C69-4F36-9C13-5FCDA02B1849}.Release|Any CPU.ActiveCfg = Release|Any CPU
		{81E222C8-9C69-4F36-9C13-5FCDA02B1849}.Release|Any CPU.Build.0 = Release|Any CPU
		{C3EC2AEF-2F47-4CD0-81DD-37306CBF9F92}.Debug|Any CPU.ActiveCfg = Debug|Any CPU
		{C3EC2AEF-2F47-4CD0-81DD-37306CBF9F92}.Debug|Any CPU.Build.0 = Debug|Any CPU
		{C3EC2AEF-2F47-4CD0-81DD-37306CBF9F92}.Release|Any CPU.ActiveCfg = Release|Any CPU
		{C3EC2AEF-2F47-4CD0-81DD-37306CBF9F92}.Release|Any CPU.Build.0 = Release|Any CPU
		{1BA3670C-4FE1-45CB-97F4-D26CE011C743}.Debug|Any CPU.ActiveCfg = Debug|Any CPU
		{1BA3670C-4FE1-45CB-97F4-D26CE011C743}.Debug|Any CPU.Build.0 = Debug|Any CPU
		{1BA3670C-4FE1-45CB-97F4-D26CE011C743}.Release|Any CPU.ActiveCfg = Release|Any CPU
		{1BA3670C-4FE1-45CB-97F4-D26CE011C743}.Release|Any CPU.Build.0 = Release|Any CPU
		{3AE055BF-D375-4083-9002-93C84A9A7FA1}.Debug|Any CPU.ActiveCfg = Debug|Any CPU
		{3AE055BF-D375-4083-9002-93C84A9A7FA1}.Debug|Any CPU.Build.0 = Debug|Any CPU
		{3AE055BF-D375-4083-9002-93C84A9A7FA1}.Release|Any CPU.ActiveCfg = Release|Any CPU
		{3AE055BF-D375-4083-9002-93C84A9A7FA1}.Release|Any CPU.Build.0 = Release|Any CPU
		{B59EFF25-45B6-4CE8-ABE6-C018275A8BF2}.Debug|Any CPU.ActiveCfg = Debug|Any CPU
		{B59EFF25-45B6-4CE8-ABE6-C018275A8BF2}.Debug|Any CPU.Build.0 = Debug|Any CPU
		{B59EFF25-45B6-4CE8-ABE6-C018275A8BF2}.Release|Any CPU.ActiveCfg = Release|Any CPU
		{B59EFF25-45B6-4CE8-ABE6-C018275A8BF2}.Release|Any CPU.Build.0 = Release|Any CPU
		{02CCB2FF-C240-4A1F-BCBC-51064967E716}.Debug|Any CPU.ActiveCfg = Debug|Any CPU
		{02CCB2FF-C240-4A1F-BCBC-51064967E716}.Debug|Any CPU.Build.0 = Debug|Any CPU
		{02CCB2FF-C240-4A1F-BCBC-51064967E716}.Release|Any CPU.ActiveCfg = Release|Any CPU
		{02CCB2FF-C240-4A1F-BCBC-51064967E716}.Release|Any CPU.Build.0 = Release|Any CPU
	EndGlobalSection
	GlobalSection(SolutionProperties) = preSolution
		HideSolutionNode = FALSE
	EndGlobalSection
	GlobalSection(NestedProjects) = preSolution
		{55AEFADA-3E0C-45DE-A93B-CCDE604FB320} = {E80EED7E-6A4B-41EB-AD48-0D390D21C8E5}
		{F928734B-F83F-4822-8F72-5B3389192FE1} = {55AEFADA-3E0C-45DE-A93B-CCDE604FB320}
		{DA0F933F-A9A0-4B89-9FD1-3716E0B89F91} = {55AEFADA-3E0C-45DE-A93B-CCDE604FB320}
		{7DE0F1F7-88E8-4FDE-BDB8-87E44463D4AA} = {E80EED7E-6A4B-41EB-AD48-0D390D21C8E5}
		{5E216294-E091-425D-B049-9E8AD3ED7931} = {E80EED7E-6A4B-41EB-AD48-0D390D21C8E5}
		{4C901C6D-BD78-4D6C-AFA4-20E6399B61A4} = {E80EED7E-6A4B-41EB-AD48-0D390D21C8E5}
		{9B0489B1-4CCE-4BBF-9C62-42B42899B5C6} = {E80EED7E-6A4B-41EB-AD48-0D390D21C8E5}
		{C8554EF2-D8D8-4B97-9085-1FE99FCC7FD8} = {4C901C6D-BD78-4D6C-AFA4-20E6399B61A4}
		{61EB31F5-47C7-44F7-A904-8767E2A3311C} = {7DE0F1F7-88E8-4FDE-BDB8-87E44463D4AA}
		{81E222C8-9C69-4F36-9C13-5FCDA02B1849} = {7DE0F1F7-88E8-4FDE-BDB8-87E44463D4AA}
		{C3EC2AEF-2F47-4CD0-81DD-37306CBF9F92} = {9B0489B1-4CCE-4BBF-9C62-42B42899B5C6}
		{1BA3670C-4FE1-45CB-97F4-D26CE011C743} = {9B0489B1-4CCE-4BBF-9C62-42B42899B5C6}
		{3AE055BF-D375-4083-9002-93C84A9A7FA1} = {9B0489B1-4CCE-4BBF-9C62-42B42899B5C6}
		{B59EFF25-45B6-4CE8-ABE6-C018275A8BF2} = {5E216294-E091-425D-B049-9E8AD3ED7931}
		{02CCB2FF-C240-4A1F-BCBC-51064967E716} = {9B0489B1-4CCE-4BBF-9C62-42B42899B5C6}
	EndGlobalSection
	GlobalSection(ExtensibilityGlobals) = postSolution
		SolutionGuid = {4424E1FC-1A74-4F4D-88D9-C2435440FAA1}
	EndGlobalSection
EndGlobal
